
Microsoft Visual Studio Solution File, Format Version 12.00
# Visual Studio 15
VisualStudioVersion = 15.0.27703.2026
MinimumVisualStudioVersion = 10.0.40219.1
Project("{8BC9CEB8-8B4A-11D0-8D11-00A0C91BC942}") = "E-LinkStatus", "msvc\E-LinkStatus.vcxproj", "{17212035-E085-42CF-BD40-C3592B7C6098}"
EndProject
Global
	GlobalSection(SolutionConfigurationPlatforms) = preSolution
		Debug|ARM = Debug|ARM
		Debug|x64 = Debug|x64
		DebugCLang|ARM = DebugCLang|ARM
		DebugCLang|x64 = DebugCLang|x64
		Release|ARM = Release|ARM
		Release|x64 = Release|x64
		ReleaseClang|ARM = ReleaseClang|ARM
		ReleaseClang|x64 = ReleaseClang|x64
	EndGlobalSection
	GlobalSection(ProjectConfigurationPlatforms) = postSolution
		{17212035-E085-42CF-BD40-C3592B7C6098}.Debug|ARM.ActiveCfg = Debug|ARM
		{17212035-E085-42CF-BD40-C3592B7C6098}.Debug|ARM.Build.0 = Debug|ARM
		{17212035-E085-42CF-BD40-C3592B7C6098}.Debug|x64.ActiveCfg = Debug|x64
		{17212035-E085-42CF-BD40-C3592B7C6098}.Debug|x64.Build.0 = Debug|x64
		{17212035-E085-42CF-BD40-C3592B7C6098}.DebugCLang|ARM.ActiveCfg = DebugCLang|ARM
		{17212035-E085-42CF-BD40-C3592B7C6098}.DebugCLang|ARM.Build.0 = DebugCLang|ARM
		{17212035-E085-42CF-BD40-C3592B7C6098}.DebugCLang|x64.ActiveCfg = DebugCLang|x64
		{17212035-E085-42CF-BD40-C3592B7C6098}.DebugCLang|x64.Build.0 = DebugCLang|x64
		{17212035-E085-42CF-BD40-C3592B7C6098}.Release|ARM.ActiveCfg = Release|ARM
		{17212035-E085-42CF-BD40-C3592B7C6098}.Release|ARM.Build.0 = Release|ARM
		{17212035-E085-42CF-BD40-C3592B7C6098}.Release|x64.ActiveCfg = Release|x64
		{17212035-E085-42CF-BD40-C3592B7C6098}.Release|x64.Build.0 = Release|x64
		{17212035-E085-42CF-BD40-C3592B7C6098}.ReleaseClang|ARM.ActiveCfg = ReleaseClang|ARM
		{17212035-E085-42CF-BD40-C3592B7C6098}.ReleaseClang|ARM.Build.0 = ReleaseClang|ARM
		{17212035-E085-42CF-BD40-C3592B7C6098}.ReleaseClang|x64.ActiveCfg = ReleaseClang|x64
		{17212035-E085-42CF-BD40-C3592B7C6098}.ReleaseClang|x64.Build.0 = ReleaseClang|x64
	EndGlobalSection
	GlobalSection(SolutionProperties) = preSolution
		HideSolutionNode = FALSE
	EndGlobalSection
	GlobalSection(ExtensibilityGlobals) = postSolution
		SolutionGuid = {87E6C95F-BE5D-4420-9FC8-D5E2D812C9A0}
	EndGlobalSection
EndGlobal
