<?xml version="1.0" encoding="utf-8"?>
<Project ToolsVersion="4.0" xmlns="http://schemas.microsoft.com/developer/msbuild/2003">
  <ItemGroup>
    <Filter Include="Source">
      <UniqueIdentifier>{173428a6-8298-4165-9eee-b801f4934812}</UniqueIdentifier>
    </Filter>
    <Filter Include="Source\e-link_4in2">
      <UniqueIdentifier>{b48cc816-4f03-4dd7-b05b-a42394bdf1b8}</UniqueIdentifier>
    </Filter>
    <Filter Include="Source\Ping">
      <UniqueIdentifier>{8cb348cc-424e-4313-af23-531b3af98d8f}</UniqueIdentifier>
    </Filter>
    <Filter Include="Source\DS18B20">
      <UniqueIdentifier>{7059d089-0e6f-4321-809e-365704c3dd55}</UniqueIdentifier>
    </Filter>
    <Filter Include="Source\painter">
      <UniqueIdentifier>{cb1fab31-a072-4dd5-b59b-7cc3b1f768c1}</UniqueIdentifier>
    </Filter>
    <Filter Include="Source\fonts">
      <UniqueIdentifier>{5e1626fc-a82f-4a78-bf43-6929e1deeb90}</UniqueIdentifier>
    </Filter>
    <Filter Include="Source\fonts\KS0108">
      <UniqueIdentifier>{03628129-d014-4a0e-b898-4f4dac61d583}</UniqueIdentifier>
    </Filter>
  </ItemGroup>
  <ItemGroup>
    <ClInclude Include="src\e-link_4in2\epd.h">
      <Filter>Source\e-link_4in2</Filter>
    </ClInclude>
    <ClInclude Include="src\e-link_4in2\epd4in2.h">
      <Filter>Source\e-link_4in2</Filter>
    </ClInclude>
    <ClInclude Include="src\StatusManager.hpp">
      <Filter>Source</Filter>
    </ClInclude>
    <ClInclude Include="src\StatusPing.hpp">
      <Filter>Source</Filter>
    </ClInclude>
    <ClInclude Include="src\DeviceDef.hpp">
      <Filter>Source</Filter>
    </ClInclude>
    <ClInclude Include="src\Timer.hpp">
      <Filter>Source</Filter>
    </ClInclude>
    <ClInclude Include="src\ping\ping.h">
      <Filter>Source\Ping</Filter>
    </ClInclude>
    <ClInclude Include="src\DS18B20\DS18B20.h">
      <Filter>Source\DS18B20</Filter>
    </ClInclude>
    <ClInclude Include="src\painter\Painter.hpp">
      <Filter>Source\painter</Filter>
    </ClInclude>
    <ClInclude Include="src\painter\PainterFont.hpp">
      <Filter>Source\painter</Filter>
    </ClInclude>
    <ClInclude Include="src\fonts\KS0108.hpp">
      <Filter>Source\fonts</Filter>
    </ClInclude>
    <ClInclude Include="src\painter\FontDef.hpp">
      <Filter>Source\painter</Filter>
    </ClInclude>
  </ItemGroup>
  <ItemGroup>
    <ClCompile Include="src\e-link_4in2\epd4in2.cpp">
      <Filter>Source\e-link_4in2</Filter>
    </ClCompile>
    <ClCompile Include="src\e-link_4in2\epdBcm2835.cpp">
      <Filter>Source\e-link_4in2</Filter>
    </ClCompile>
    <ClCompile Include="src\e-link_4in2\epdWiringPi.cpp">
      <Filter>Source\e-link_4in2</Filter>
    </ClCompile>
    <ClCompile Include="src\main.cpp">
      <Filter>Source</Filter>
    </ClCompile>
    <ClCompile Include="src\StatusManager.cpp">
      <Filter>Source</Filter>
    </ClCompile>
    <ClCompile Include="src\StatusPing.cpp">
      <Filter>Source</Filter>
    </ClCompile>
    <ClCompile Include="src\ping\ping.cpp">
      <Filter>Source\Ping</Filter>
    </ClCompile>
    <ClCompile Include="src\DS18B20\DS18B20.cpp">
      <Filter>Source\DS18B20</Filter>
    </ClCompile>
    <ClCompile Include="src\painter\Painter.cpp">
      <Filter>Source\painter</Filter>
    </ClCompile>
    <ClCompile Include="src\painter\PainterFont.cpp">
      <Filter>Source\painter</Filter>
    </ClCompile>
    <ClCompile Include="src\fonts\KS0108.cpp">
      <Filter>Source\fonts</Filter>
    </ClCompile>
    <ClCompile Include="src\fonts\KS0108\Georgia12.cpp">
      <Filter>Source\fonts\KS0108</Filter>
    </ClCompile>
    <ClCompile Include="src\fonts\KS0108\Liberation_Mono8.cpp">
      <Filter>Source\fonts\KS0108</Filter>
    </ClCompile>
    <ClCompile Include="src\fonts\KS0108\Liberation_Mono9.cpp">
      <Filter>Source\fonts\KS0108</Filter>
    </ClCompile>
    <ClCompile Include="src\fonts\KS0108\Liberation_Mono9Bold.cpp">
      <Filter>Source\fonts\KS0108</Filter>
    </ClCompile>
    <ClCompile Include="src\fonts\KS0108\Liberation_Mono10Bold.cpp">
      <Filter>Source\fonts\KS0108</Filter>
    </ClCompile>
    <ClCompile Include="src\fonts\KS0108\Liberation_Mono10.cpp">
      <Filter>Source\fonts\KS0108</Filter>
    </ClCompile>
    <ClCompile Include="src\fonts\KS0108\Liberation_Mono12.cpp">
      <Filter>Source\fonts\KS0108</Filter>
    </ClCompile>
    <ClCompile Include="src\fonts\KS0108\Liberation_Mono11Bold.cpp">
      <Filter>Source\fonts\KS0108</Filter>
    </ClCompile>
  </ItemGroup>
</Project>