
Microsoft Visual Studio Solution File, Format Version 12.00
# Visual Studio 15
VisualStudioVersion = 15.0.27703.2026
MinimumVisualStudioVersion = 10.0.40219.1
Project("{8BC9CEB8-8B4A-11D0-8D11-00A0C91BC942}") = "wiringNPi", "wiringNPi\wiringNPi.vcxproj", "{B6983D41-36D9-45BF-9592-17DAAEAFA84D}"
EndProject
Project("{8BC9CEB8-8B4A-11D0-8D11-00A0C91BC942}") = "E-LinkStatus", "E-LinkStatus\E-LinkStatus.vcxproj", "{17212035-E085-42CF-BD40-C3592B7C6098}"
	ProjectSection(ProjectDependencies) = postProject
		{B6983D41-36D9-45BF-9592-17DAAEAFA84D} = {B6983D41-36D9-45BF-9592-17DAAEAFA84D}
		{04556945-87A7-4D45-94C8-B5EAC68C5459} = {04556945-87A7-4D45-94C8-B5EAC68C5459}
	EndProjectSection
EndProject
Project("{8BC9CEB8-8B4A-11D0-8D11-00A0C91BC942}") = "wiringPi", "wiringPi\wiringPi.vcxproj", "{04556945-87A7-4D45-94C8-B5EAC68C5459}"
EndProject
Global
	GlobalSection(SolutionConfigurationPlatforms) = preSolution
		Debug|ARM = Debug|ARM
		Debug|x64 = Debug|x64
		Release|ARM = Release|ARM
		Release|x64 = Release|x64
	EndGlobalSection
	GlobalSection(ProjectConfigurationPlatforms) = postSolution
		{B6983D41-36D9-45BF-9592-17DAAEAFA84D}.Debug|ARM.ActiveCfg = Debug|ARM
		{B6983D41-36D9-45BF-9592-17DAAEAFA84D}.Debug|ARM.Build.0 = Debug|ARM
		{B6983D41-36D9-45BF-9592-17DAAEAFA84D}.Debug|x64.ActiveCfg = Debug|x64
		{B6983D41-36D9-45BF-9592-17DAAEAFA84D}.Debug|x64.Build.0 = Debug|x64
		{B6983D41-36D9-45BF-9592-17DAAEAFA84D}.Release|ARM.ActiveCfg = Release|ARM
		{B6983D41-36D9-45BF-9592-17DAAEAFA84D}.Release|ARM.Build.0 = Release|ARM
		{B6983D41-36D9-45BF-9592-17DAAEAFA84D}.Release|x64.ActiveCfg = Release|x64
		{B6983D41-36D9-45BF-9592-17DAAEAFA84D}.Release|x64.Build.0 = Release|x64
		{17212035-E085-42CF-BD40-C3592B7C6098}.Debug|ARM.ActiveCfg = Debug|ARM
		{17212035-E085-42CF-BD40-C3592B7C6098}.Debug|ARM.Build.0 = Debug|ARM
		{17212035-E085-42CF-BD40-C3592B7C6098}.Debug|x64.ActiveCfg = Debug|x64
		{17212035-E085-42CF-BD40-C3592B7C6098}.Debug|x64.Build.0 = Debug|x64
		{17212035-E085-42CF-BD40-C3592B7C6098}.Release|ARM.ActiveCfg = Release|ARM
		{17212035-E085-42CF-BD40-C3592B7C6098}.Release|ARM.Build.0 = Release|ARM
		{17212035-E085-42CF-BD40-C3592B7C6098}.Release|x64.ActiveCfg = Release|x64
		{17212035-E085-42CF-BD40-C3592B7C6098}.Release|x64.Build.0 = Release|x64
		{04556945-87A7-4D45-94C8-B5EAC68C5459}.Debug|ARM.ActiveCfg = Debug|ARM
		{04556945-87A7-4D45-94C8-B5EAC68C5459}.Debug|ARM.Build.0 = Debug|ARM
		{04556945-87A7-4D45-94C8-B5EAC68C5459}.Debug|x64.ActiveCfg = Debug|x64
		{04556945-87A7-4D45-94C8-B5EAC68C5459}.Debug|x64.Build.0 = Debug|x64
		{04556945-87A7-4D45-94C8-B5EAC68C5459}.Release|ARM.ActiveCfg = Release|ARM
		{04556945-87A7-4D45-94C8-B5EAC68C5459}.Release|ARM.Build.0 = Release|ARM
		{04556945-87A7-4D45-94C8-B5EAC68C5459}.Release|x64.ActiveCfg = Release|x64
		{04556945-87A7-4D45-94C8-B5EAC68C5459}.Release|x64.Build.0 = Release|x64
	EndGlobalSection
	GlobalSection(SolutionProperties) = preSolution
		HideSolutionNode = FALSE
	EndGlobalSection
	GlobalSection(ExtensibilityGlobals) = postSolution
		SolutionGuid = {64CBD93F-D7AA-4874-9FFA-F4B64A14D04F}
	EndGlobalSection
EndGlobal
