<?xml version="1.0" encoding="utf-8"?>
<Project ToolsVersion="4.0" xmlns="http://schemas.microsoft.com/developer/msbuild/2003">
  <ItemGroup>
    <Filter Include="Source">
      <UniqueIdentifier>{173428a6-8298-4165-9eee-b801f4934812}</UniqueIdentifier>
    </Filter>
    <Filter Include="Library">
      <UniqueIdentifier>{7c80eb64-4acf-400d-986d-63f0f11ed940}</UniqueIdentifier>
    </Filter>
    <Filter Include="Library\pugi">
      <UniqueIdentifier>{e4f0e48f-8b7b-40d6-a182-ebc2d72a28d9}</UniqueIdentifier>
    </Filter>
    <Filter Include="Source\DS18B20">
      <UniqueIdentifier>{b3141783-644f-4b17-9452-be55292f1344}</UniqueIdentifier>
    </Filter>
    <Filter Include="Source\fonts">
      <UniqueIdentifier>{a0f7f06e-d6b1-4fe2-a5f3-8bc838c75da3}</UniqueIdentifier>
    </Filter>
    <Filter Include="Source\fonts\KS0108">
      <UniqueIdentifier>{872556f1-c81a-4c1f-99e3-68d9726684f2}</UniqueIdentifier>
    </Filter>
    <Filter Include="Source\painter">
      <UniqueIdentifier>{35251a0c-fd4e-4654-8859-f786f87565d0}</UniqueIdentifier>
    </Filter>
    <Filter Include="Source\ping">
      <UniqueIdentifier>{b225c946-7737-478f-9b13-a9a3441baa90}</UniqueIdentifier>
    </Filter>
    <Filter Include="Source\e-link">
      <UniqueIdentifier>{c5e617c7-20b5-4697-9946-b41f3d9ecd2d}</UniqueIdentifier>
    </Filter>
    <Filter Include="Source\e-link\Display">
      <UniqueIdentifier>{9436beb6-3d76-42dd-a65d-beeab1d8c7f3}</UniqueIdentifier>
    </Filter>
    <Filter Include="Source\e-link\Interface">
      <UniqueIdentifier>{bbdd6f57-d895-4cb7-bc60-5709cd096de5}</UniqueIdentifier>
    </Filter>
    <Filter Include="Source\image">
      <UniqueIdentifier>{0f8fbbc0-2b53-4a1c-8235-654e6fb3db0e}</UniqueIdentifier>
    </Filter>
    <Filter Include="Source\image\data">
      <UniqueIdentifier>{e0104313-8771-4e63-9695-224e3f04a4a9}</UniqueIdentifier>
    </Filter>
    <Filter Include="Source\SI7021">
      <UniqueIdentifier>{3219096a-dc3b-4ab8-92d4-e25bba0318d7}</UniqueIdentifier>
    </Filter>
    <Filter Include="Library\libi2c">
      <UniqueIdentifier>{97df5222-62c2-4c25-aaeb-07a1b45a32e3}</UniqueIdentifier>
    </Filter>
    <Filter Include="Library\InfluxDB">
      <UniqueIdentifier>{edafb24b-8561-4e06-b072-8b30f5229d18}</UniqueIdentifier>
    </Filter>
    <Filter Include="Library\wiringPi">
      <UniqueIdentifier>{81788432-1959-4fd1-96a2-2cf966e7c7ae}</UniqueIdentifier>
    </Filter>
  </ItemGroup>
  <ItemGroup>
    <Xml Include="..\..\E-LinkStatusConfig.xml" />
  </ItemGroup>
  <ItemGroup>
    <ClCompile Include="..\..\src\DS18B20\DS18B20.cpp">
      <Filter>Source\DS18B20</Filter>
    </ClCompile>
    <ClCompile Include="..\..\src\e-link\epdWiringPi.cpp">
      <Filter>Source\e-link\Interface</Filter>
    </ClCompile>
    <ClCompile Include="..\..\src\e-link\epd7in5b.cpp">
      <Filter>Source\e-link\Display</Filter>
    </ClCompile>
    <ClCompile Include="..\..\src\e-link\epd4in2.cpp">
      <Filter>Source\e-link\Display</Filter>
    </ClCompile>
    <ClCompile Include="..\..\src\e-link\epd.cpp">
      <Filter>Source\e-link\Interface</Filter>
    </ClCompile>
    <ClCompile Include="..\..\src\fonts\KS0108.cpp">
      <Filter>Source\fonts</Filter>
    </ClCompile>
    <ClCompile Include="..\..\src\fonts\KS0108\Arial28.cpp">
      <Filter>Source\fonts\KS0108</Filter>
    </ClCompile>
    <ClCompile Include="..\..\src\fonts\KS0108\Digital-7-36Bold.cpp">
      <Filter>Source\fonts\KS0108</Filter>
    </ClCompile>
    <ClCompile Include="..\..\src\fonts\KS0108\Ebrima28.cpp">
      <Filter>Source\fonts\KS0108</Filter>
    </ClCompile>
    <ClCompile Include="..\..\src\fonts\KS0108\Georgia12.cpp">
      <Filter>Source\fonts\KS0108</Filter>
    </ClCompile>
    <ClCompile Include="..\..\src\fonts\KS0108\Liberation_Mono8.cpp">
      <Filter>Source\fonts\KS0108</Filter>
    </ClCompile>
    <ClCompile Include="..\..\src\fonts\KS0108\Liberation_Mono9.cpp">
      <Filter>Source\fonts\KS0108</Filter>
    </ClCompile>
    <ClCompile Include="..\..\src\fonts\KS0108\Liberation_Mono9Bold.cpp">
      <Filter>Source\fonts\KS0108</Filter>
    </ClCompile>
    <ClCompile Include="..\..\src\fonts\KS0108\Liberation_Mono10.cpp">
      <Filter>Source\fonts\KS0108</Filter>
    </ClCompile>
    <ClCompile Include="..\..\src\fonts\KS0108\Liberation_Mono10Bold.cpp">
      <Filter>Source\fonts\KS0108</Filter>
    </ClCompile>
    <ClCompile Include="..\..\src\fonts\KS0108\Liberation_Mono11Bold.cpp">
      <Filter>Source\fonts\KS0108</Filter>
    </ClCompile>
    <ClCompile Include="..\..\src\fonts\KS0108\Liberation_Mono12.cpp">
      <Filter>Source\fonts\KS0108</Filter>
    </ClCompile>
    <ClCompile Include="..\..\src\image\Image.cpp">
      <Filter>Source\image</Filter>
    </ClCompile>
    <ClCompile Include="..\..\src\image\Data\icons8-humidity-32.cpp">
      <Filter>Source\image\data</Filter>
    </ClCompile>
    <ClCompile Include="..\..\src\image\Data\icons8-temperature-30.cpp">
      <Filter>Source\image\data</Filter>
    </ClCompile>
    <ClCompile Include="..\..\src\lib\libi2c\i2c.c">
      <Filter>Library\libi2c</Filter>
    </ClCompile>
    <ClCompile Include="..\..\src\lib\pugi\pugixml.cpp">
      <Filter>Library\pugi</Filter>
    </ClCompile>
    <ClCompile Include="..\..\src\lib\influxDB\influxdb.cpp">
      <Filter>Library\InfluxDB</Filter>
    </ClCompile>
    <ClCompile Include="..\..\src\painter\Painter.cpp">
      <Filter>Source\painter</Filter>
    </ClCompile>
    <ClCompile Include="..\..\src\painter\PainterFont.cpp">
      <Filter>Source\painter</Filter>
    </ClCompile>
    <ClCompile Include="..\..\src\ping\ping.cpp">
      <Filter>Source\ping</Filter>
    </ClCompile>
    <ClCompile Include="..\..\src\SI7021\SI7021.cpp">
      <Filter>Source\SI7021</Filter>
    </ClCompile>
    <ClCompile Include="..\..\src\DataProvider.cpp">
      <Filter>Source</Filter>
    </ClCompile>
    <ClCompile Include="..\..\src\InfluxWriter.cpp">
      <Filter>Source</Filter>
    </ClCompile>
    <ClCompile Include="..\..\src\main.cpp">
      <Filter>Source</Filter>
    </ClCompile>
    <ClCompile Include="..\..\src\StatusLed.cpp">
      <Filter>Source</Filter>
    </ClCompile>
    <ClCompile Include="..\..\src\StatusManager.cpp">
      <Filter>Source</Filter>
    </ClCompile>
    <ClCompile Include="..\..\src\StatusPing.cpp">
      <Filter>Source</Filter>
    </ClCompile>
  </ItemGroup>
  <ItemGroup>
    <ClInclude Include="..\..\src\DS18B20\DS18B20.h">
      <Filter>Source\DS18B20</Filter>
    </ClInclude>
    <ClInclude Include="..\..\src\e-link\epdInterface.hpp">
      <Filter>Source\e-link\Interface</Filter>
    </ClInclude>
    <ClInclude Include="..\..\src\e-link\epdWiringPi.hpp">
      <Filter>Source\e-link\Interface</Filter>
    </ClInclude>
    <ClInclude Include="..\..\src\e-link\epd7in5b.hpp">
      <Filter>Source\e-link\Display</Filter>
    </ClInclude>
    <ClInclude Include="..\..\src\e-link\epd4in2.h">
      <Filter>Source\e-link\Display</Filter>
    </ClInclude>
    <ClInclude Include="..\..\src\e-link\epd.hpp">
      <Filter>Source\e-link\Interface</Filter>
    </ClInclude>
    <ClInclude Include="..\..\src\fonts\KS0108.hpp">
      <Filter>Source\fonts</Filter>
    </ClInclude>
    <ClInclude Include="..\..\src\image\Image.hpp">
      <Filter>Source\image</Filter>
    </ClInclude>
    <ClInclude Include="..\..\src\lib\libi2c\i2c.h">
      <Filter>Library\libi2c</Filter>
    </ClInclude>
    <ClInclude Include="..\..\src\lib\pugi\pugiconfig.hpp">
      <Filter>Library\pugi</Filter>
    </ClInclude>
    <ClInclude Include="..\..\src\lib\pugi\pugixml.hpp">
      <Filter>Library\pugi</Filter>
    </ClInclude>
    <ClInclude Include="..\..\src\lib\influxDB\influxdb.hpp">
      <Filter>Library\InfluxDB</Filter>
    </ClInclude>
    <ClInclude Include="..\..\src\painter\FontDef.hpp">
      <Filter>Source\painter</Filter>
    </ClInclude>
    <ClInclude Include="..\..\src\painter\Painter.hpp">
      <Filter>Source\painter</Filter>
    </ClInclude>
    <ClInclude Include="..\..\src\painter\PainterDef.hpp">
      <Filter>Source\painter</Filter>
    </ClInclude>
    <ClInclude Include="..\..\src\painter\PainterFont.hpp">
      <Filter>Source\painter</Filter>
    </ClInclude>
    <ClInclude Include="..\..\src\ping\ping.h">
      <Filter>Source\ping</Filter>
    </ClInclude>
    <ClInclude Include="..\..\src\SI7021\SI7021.hpp">
      <Filter>Source\SI7021</Filter>
    </ClInclude>
    <ClInclude Include="..\..\src\DataProvider.hpp">
      <Filter>Source</Filter>
    </ClInclude>
    <ClInclude Include="..\..\src\InfluxWriter.hpp">
      <Filter>Source</Filter>
    </ClInclude>
    <ClInclude Include="..\..\src\StatusLed.hpp">
      <Filter>Source</Filter>
    </ClInclude>
    <ClInclude Include="..\..\src\StatusManager.hpp">
      <Filter>Source</Filter>
    </ClInclude>
    <ClInclude Include="..\..\src\StatusPing.hpp">
      <Filter>Source</Filter>
    </ClInclude>
    <ClInclude Include="..\..\src\Timer.hpp">
      <Filter>Source</Filter>
    </ClInclude>
    <ClInclude Include="..\..\src\lib\wiringPi\ads1115.h">
      <Filter>Library\wiringPi</Filter>
    </ClInclude>
    <ClInclude Include="..\..\src\lib\wiringPi\bmp180.h">
      <Filter>Library\wiringPi</Filter>
    </ClInclude>
    <ClInclude Include="..\..\src\lib\wiringPi\drcNet.h">
      <Filter>Library\wiringPi</Filter>
    </ClInclude>
    <ClInclude Include="..\..\src\lib\wiringPi\drcSerial.h">
      <Filter>Library\wiringPi</Filter>
    </ClInclude>
    <ClInclude Include="..\..\src\lib\wiringPi\ds18b20.h">
      <Filter>Library\wiringPi</Filter>
    </ClInclude>
    <ClInclude Include="..\..\src\lib\wiringPi\htu21d.h">
      <Filter>Library\wiringPi</Filter>
    </ClInclude>
    <ClInclude Include="..\..\src\lib\wiringPi\max5322.h">
      <Filter>Library\wiringPi</Filter>
    </ClInclude>
    <ClInclude Include="..\..\src\lib\wiringPi\max31855.h">
      <Filter>Library\wiringPi</Filter>
    </ClInclude>
    <ClInclude Include="..\..\src\lib\wiringPi\mcp23s08.h">
      <Filter>Library\wiringPi</Filter>
    </ClInclude>
    <ClInclude Include="..\..\src\lib\wiringPi\mcp23s17.h">
      <Filter>Library\wiringPi</Filter>
    </ClInclude>
    <ClInclude Include="..\..\src\lib\wiringPi\mcp23x08.h">
      <Filter>Library\wiringPi</Filter>
    </ClInclude>
    <ClInclude Include="..\..\src\lib\wiringPi\mcp23x0817.h">
      <Filter>Library\wiringPi</Filter>
    </ClInclude>
    <ClInclude Include="..\..\src\lib\wiringPi\mcp3002.h">
      <Filter>Library\wiringPi</Filter>
    </ClInclude>
    <ClInclude Include="..\..\src\lib\wiringPi\mcp3004.h">
      <Filter>Library\wiringPi</Filter>
    </ClInclude>
    <ClInclude Include="..\..\src\lib\wiringPi\mcp3422.h">
      <Filter>Library\wiringPi</Filter>
    </ClInclude>
    <ClInclude Include="..\..\src\lib\wiringPi\mcp4802.h">
      <Filter>Library\wiringPi</Filter>
    </ClInclude>
    <ClInclude Include="..\..\src\lib\wiringPi\mcp23008.h">
      <Filter>Library\wiringPi</Filter>
    </ClInclude>
    <ClInclude Include="..\..\src\lib\wiringPi\mcp23016.h">
      <Filter>Library\wiringPi</Filter>
    </ClInclude>
    <ClInclude Include="..\..\src\lib\wiringPi\mcp23016reg.h">
      <Filter>Library\wiringPi</Filter>
    </ClInclude>
    <ClInclude Include="..\..\src\lib\wiringPi\mcp23017.h">
      <Filter>Library\wiringPi</Filter>
    </ClInclude>
    <ClInclude Include="..\..\src\lib\wiringPi\pcf8574.h">
      <Filter>Library\wiringPi</Filter>
    </ClInclude>
    <ClInclude Include="..\..\src\lib\wiringPi\pcf8591.h">
      <Filter>Library\wiringPi</Filter>
    </ClInclude>
    <ClInclude Include="..\..\src\lib\wiringPi\pseudoPins.h">
      <Filter>Library\wiringPi</Filter>
    </ClInclude>
    <ClInclude Include="..\..\src\lib\wiringPi\rht03.h">
      <Filter>Library\wiringPi</Filter>
    </ClInclude>
    <ClInclude Include="..\..\src\lib\wiringPi\sn3218.h">
      <Filter>Library\wiringPi</Filter>
    </ClInclude>
    <ClInclude Include="..\..\src\lib\wiringPi\softPwm.h">
      <Filter>Library\wiringPi</Filter>
    </ClInclude>
    <ClInclude Include="..\..\src\lib\wiringPi\softServo.h">
      <Filter>Library\wiringPi</Filter>
    </ClInclude>
    <ClInclude Include="..\..\src\lib\wiringPi\softTone.h">
      <Filter>Library\wiringPi</Filter>
    </ClInclude>
    <ClInclude Include="..\..\src\lib\wiringPi\sr595.h">
      <Filter>Library\wiringPi</Filter>
    </ClInclude>
    <ClInclude Include="..\..\src\lib\wiringPi\wiringPi.h">
      <Filter>Library\wiringPi</Filter>
    </ClInclude>
    <ClInclude Include="..\..\src\lib\wiringPi\wiringPiI2C.h">
      <Filter>Library\wiringPi</Filter>
    </ClInclude>
    <ClInclude Include="..\..\src\lib\wiringPi\wiringPiSPI.h">
      <Filter>Library\wiringPi</Filter>
    </ClInclude>
    <ClInclude Include="..\..\src\lib\wiringPi\wiringSerial.h">
      <Filter>Library\wiringPi</Filter>
    </ClInclude>
    <ClInclude Include="..\..\src\lib\wiringPi\wiringShift.h">
      <Filter>Library\wiringPi</Filter>
    </ClInclude>
    <ClInclude Include="..\..\src\lib\wiringPi\wpiExtensions.h">
      <Filter>Library\wiringPi</Filter>
    </ClInclude>
  </ItemGroup>
</Project>